
Microsoft Visual Studio Solution File, Format Version 12.00
# Visual Studio Version 17
VisualStudioVersion = 17.11.35327.3
MinimumVisualStudioVersion = 10.0.40219.1
Project("{FAE04EC0-301F-11D3-BF4B-00C04F79EFBC}") = "Assignment1_1_2", "Assignment1_1_2.csproj", "{DBA0F496-541E-4FAC-A951-F8A8EE20CAE9}"
EndProject
Global
	GlobalSection(SolutionConfigurationPlatforms) = preSolution
		Debug|Any CPU = Debug|Any CPU
		Release|Any CPU = Release|Any CPU
	EndGlobalSection
	GlobalSection(ProjectConfigurationPlatforms) = postSolution
		{DBA0F496-541E-4FAC-A951-F8A8EE20CAE9}.Debug|Any CPU.ActiveCfg = Debug|Any CPU
		{DBA0F496-541E-4FAC-A951-F8A8EE20CAE9}.Debug|Any CPU.Build.0 = Debug|Any CPU
		{DBA0F496-541E-4FAC-A951-F8A8EE20CAE9}.Release|Any CPU.ActiveCfg = Release|Any CPU
		{DBA0F496-541E-4FAC-A951-F8A8EE20CAE9}.Release|Any CPU.Build.0 = Release|Any CPU
	EndGlobalSection
	GlobalSection(SolutionProperties) = preSolution
		HideSolutionNode = FALSE
	EndGlobalSection
	GlobalSection(ExtensibilityGlobals) = postSolution
		SolutionGuid = {19FAD391-297F-4771-8FD6-8D12D5BA2349}
	EndGlobalSection
EndGlobal
